// !$*UTF8*$!
{
	archiveVersion = 1;
	classes = {
	};
	objectVersion = 50;
	objects = {

/* Begin PBXBuildFile section */
		B1AE86F626B7733D00B92BB9 /* AppDelegate.swift in Sources */ = {isa = PBXBuildFile; fileRef = B1AE86F526B7733D00B92BB9 /* AppDelegate.swift */; };
		B1AE86FA26B7733D00B92BB9 /* ViewController.swift in Sources */ = {isa = PBXBuildFile; fileRef = B1AE86F926B7733D00B92BB9 /* ViewController.swift */; };
		B1AE86FD26B7733D00B92BB9 /* Main.storyboard in Resources */ = {isa = PBXBuildFile; fileRef = B1AE86FB26B7733D00B92BB9 /* Main.storyboard */; };
		B1AE86FF26B7733E00B92BB9 /* Assets.xcassets in Resources */ = {isa = PBXBuildFile; fileRef = B1AE86FE26B7733E00B92BB9 /* Assets.xcassets */; };
		B1AE870226B7733E00B92BB9 /* LaunchScreen.storyboard in Resources */ = {isa = PBXBuildFile; fileRef = B1AE870026B7733E00B92BB9 /* LaunchScreen.storyboard */; };
		B1AE870D26B7733E00B92BB9 /* CarouselAppTests.swift in Sources */ = {isa = PBXBuildFile; fileRef = B1AE870C26B7733E00B92BB9 /* CarouselAppTests.swift */; };
		B1AE871826B7733E00B92BB9 /* CarouselAppUITests.swift in Sources */ = {isa = PBXBuildFile; fileRef = B1AE871726B7733E00B92BB9 /* CarouselAppUITests.swift */; };
/* End PBXBuildFile section */

/* Begin PBXContainerItemProxy section */
		B1AE870926B7733E00B92BB9 /* PBXContainerItemProxy */ = {
			isa = PBXContainerItemProxy;
			containerPortal = B1AE86EA26B7733D00B92BB9 /* Project object */;
			proxyType = 1;
			remoteGlobalIDString = B1AE86F126B7733D00B92BB9;
			remoteInfo = CarouselApp;
		};
		B1AE871426B7733E00B92BB9 /* PBXContainerItemProxy */ = {
			isa = PBXContainerItemProxy;
			containerPortal = B1AE86EA26B7733D00B92BB9 /* Project object */;
			proxyType = 1;
			remoteGlobalIDString = B1AE86F126B7733D00B92BB9;
			remoteInfo = CarouselApp;
		};
/* End PBXContainerItemProxy section */

/* Begin PBXFileReference section */
		B1AE86F226B7733D00B92BB9 /* CarouselApp.app */ = {isa = PBXFileReference; explicitFileType = wrapper.application; includeInIndex = 0; path = CarouselApp.app; sourceTree = BUILT_PRODUCTS_DIR; };
		B1AE86F526B7733D00B92BB9 /* AppDelegate.swift */ = {isa = PBXFileReference; lastKnownFileType = sourcecode.swift; path = AppDelegate.swift; sourceTree = "<group>"; };
		B1AE86F926B7733D00B92BB9 /* ViewController.swift */ = {isa = PBXFileReference; lastKnownFileType = sourcecode.swift; path = ViewController.swift; sourceTree = "<group>"; };
		B1AE86FC26B7733D00B92BB9 /* Base */ = {isa = PBXFileReference; lastKnownFileType = file.storyboard; name = Base; path = Base.lproj/Main.storyboard; sourceTree = "<group>"; };
		B1AE86FE26B7733E00B92BB9 /* Assets.xcassets */ = {isa = PBXFileReference; lastKnownFileType = folder.assetcatalog; path = Assets.xcassets; sourceTree = "<group>"; };
		B1AE870126B7733E00B92BB9 /* Base */ = {isa = PBXFileReference; lastKnownFileType = file.storyboard; name = Base; path = Base.lproj/LaunchScreen.storyboard; sourceTree = "<group>"; };
		B1AE870326B7733E00B92BB9 /* Info.plist */ = {isa = PBXFileReference; lastKnownFileType = text.plist.xml; path = Info.plist; sourceTree = "<group>"; };
		B1AE870826B7733E00B92BB9 /* CarouselAppTests.xctest */ = {isa = PBXFileReference; explicitFileType = wrapper.cfbundle; includeInIndex = 0; path = CarouselAppTests.xctest; sourceTree = BUILT_PRODUCTS_DIR; };
		B1AE870C26B7733E00B92BB9 /* CarouselAppTests.swift */ = {isa = PBXFileReference; lastKnownFileType = sourcecode.swift; path = CarouselAppTests.swift; sourceTree = "<group>"; };
		B1AE870E26B7733E00B92BB9 /* Info.plist */ = {isa = PBXFileReference; lastKnownFileType = text.plist.xml; path = Info.plist; sourceTree = "<group>"; };
		B1AE871326B7733E00B92BB9 /* CarouselAppUITests.xctest */ = {isa = PBXFileReference; explicitFileType = wrapper.cfbundle; includeInIndex = 0; path = CarouselAppUITests.xctest; sourceTree = BUILT_PRODUCTS_DIR; };
		B1AE871726B7733E00B92BB9 /* CarouselAppUITests.swift */ = {isa = PBXFileReference; lastKnownFileType = sourcecode.swift; path = CarouselAppUITests.swift; sourceTree = "<group>"; };
		B1AE871926B7733E00B92BB9 /* Info.plist */ = {isa = PBXFileReference; lastKnownFileType = text.plist.xml; path = Info.plist; sourceTree = "<group>"; };
/* End PBXFileReference section */

/* Begin PBXFrameworksBuildPhase section */
		B1AE86EF26B7733D00B92BB9 /* Frameworks */ = {
			isa = PBXFrameworksBuildPhase;
			buildActionMask = 2147483647;
			files = (
			);
			runOnlyForDeploymentPostprocessing = 0;
		};
		B1AE870526B7733E00B92BB9 /* Frameworks */ = {
			isa = PBXFrameworksBuildPhase;
			buildActionMask = 2147483647;
			files = (
			);
			runOnlyForDeploymentPostprocessing = 0;
		};
		B1AE871026B7733E00B92BB9 /* Frameworks */ = {
			isa = PBXFrameworksBuildPhase;
			buildActionMask = 2147483647;
			files = (
			);
			runOnlyForDeploymentPostprocessing = 0;
		};
/* End PBXFrameworksBuildPhase section */

/* Begin PBXGroup section */
		B1AE86E926B7733D00B92BB9 = {
			isa = PBXGroup;
			children = (
				B1AE86F426B7733D00B92BB9 /* CarouselApp */,
				B1AE870B26B7733E00B92BB9 /* CarouselAppTests */,
				B1AE871626B7733E00B92BB9 /* CarouselAppUITests */,
				B1AE86F326B7733D00B92BB9 /* Products */,
			);
			sourceTree = "<group>";
		};
		B1AE86F326B7733D00B92BB9 /* Products */ = {
			isa = PBXGroup;
			children = (
				B1AE86F226B7733D00B92BB9 /* CarouselApp.app */,
				B1AE870826B7733E00B92BB9 /* CarouselAppTests.xctest */,
				B1AE871326B7733E00B92BB9 /* CarouselAppUITests.xctest */,
			);
			name = Products;
			sourceTree = "<group>";
		};
		B1AE86F426B7733D00B92BB9 /* CarouselApp */ = {
			isa = PBXGroup;
			children = (
				B1AE872C26B8F23D00B92BB9 /* Application */,
				B1AE86FE26B7733E00B92BB9 /* Assets.xcassets */,
				B1AE873426B8F2D200B92BB9 /* Data */,
				B1AE873526B8F2D800B92BB9 /* Domain */,
				B1AE870326B7733E00B92BB9 /* Info.plist */,
				B1AE870026B7733E00B92BB9 /* LaunchScreen.storyboard */,
				B1AE86FB26B7733D00B92BB9 /* Main.storyboard */,
				B1AE873626B8F2DD00B92BB9 /* Presentation */,
				B1AE86F926B7733D00B92BB9 /* ViewController.swift */,
			);
			path = CarouselApp;
			sourceTree = "<group>";
		};
		B1AE870B26B7733E00B92BB9 /* CarouselAppTests */ = {
			isa = PBXGroup;
			children = (
				B1AE870C26B7733E00B92BB9 /* CarouselAppTests.swift */,
				B1AE870E26B7733E00B92BB9 /* Info.plist */,
			);
			path = CarouselAppTests;
			sourceTree = "<group>";
		};
		B1AE871626B7733E00B92BB9 /* CarouselAppUITests */ = {
			isa = PBXGroup;
			children = (
				B1AE871726B7733E00B92BB9 /* CarouselAppUITests.swift */,
				B1AE871926B7733E00B92BB9 /* Info.plist */,
			);
			path = CarouselAppUITests;
			sourceTree = "<group>";
		};
		B1AE872C26B8F23D00B92BB9 /* Application */ = {
			isa = PBXGroup;
			children = (
				B1AE872D26B8F24500B92BB9 /* Base */,
			);
			path = Application;
			sourceTree = "<group>";
		};
		B1AE872D26B8F24500B92BB9 /* Base */ = {
			isa = PBXGroup;
			children = (
				B1AE86F526B7733D00B92BB9 /* AppDelegate.swift */,
			);
			path = Base;
			sourceTree = "<group>";
		};
		B1AE873426B8F2D200B92BB9 /* Data */ = {
			isa = PBXGroup;
			children = (
				B1AE873B26B8FBB100B92BB9 /* Network */,
				B1AE873A26B8FB8E00B92BB9 /* Repository */,
			);
			path = Data;
			sourceTree = "<group>";
		};
		B1AE873526B8F2D800B92BB9 /* Domain */ = {
			isa = PBXGroup;
			children = (
				B1AE874026B8FBEF00B92BB9 /* UseCase */,
				B1AE873E26B8FBDC00B92BB9 /* Interface */,
				B1AE873D26B8FBD300B92BB9 /* Entity */,
			);
			path = Domain;
			sourceTree = "<group>";
		};
		B1AE873626B8F2DD00B92BB9 /* Presentation */ = {
			isa = PBXGroup;
			children = (
				B1AE874826B8FD7300B92BB9 /* CarouselInformation */,
				B1AE874126B8FC0E00B92BB9 /* Login */,
			);
			path = Presentation;
			sourceTree = "<group>";
		};
		B1AE873A26B8FB8E00B92BB9 /* Repository */ = {
			isa = PBXGroup;
			children = (
			);
			path = Repository;
			sourceTree = "<group>";
		};
		B1AE873B26B8FBB100B92BB9 /* Network */ = {
			isa = PBXGroup;
			children = (
				B1AE873C26B8FBB700B92BB9 /* Service */,
			);
			path = Network;
			sourceTree = "<group>";
		};
		B1AE873C26B8FBB700B92BB9 /* Service */ = {
			isa = PBXGroup;
			children = (
			);
			path = Service;
			sourceTree = "<group>";
		};
		B1AE873D26B8FBD300B92BB9 /* Entity */ = {
			isa = PBXGroup;
			children = (
			);
			path = Entity;
			sourceTree = "<group>";
		};
		B1AE873E26B8FBDC00B92BB9 /* Interface */ = {
			isa = PBXGroup;
			children = (
				B1AE873F26B8FBE300B92BB9 /* Repository */,
			);
			path = Interface;
			sourceTree = "<group>";
		};
		B1AE873F26B8FBE300B92BB9 /* Repository */ = {
			isa = PBXGroup;
			children = (
			);
			path = Repository;
			sourceTree = "<group>";
		};
		B1AE874026B8FBEF00B92BB9 /* UseCase */ = {
			isa = PBXGroup;
			children = (
			);
			path = UseCase;
			sourceTree = "<group>";
		};
		B1AE874126B8FC0E00B92BB9 /* Login */ = {
			isa = PBXGroup;
			children = (
				B1AE874426B8FC2500B92BB9 /* ViewModel */,
				B1AE874326B8FC1F00B92BB9 /* View */,
				B1AE874226B8FC1800B92BB9 /* Coordinator */,
			);
			path = Login;
			sourceTree = "<group>";
		};
		B1AE874226B8FC1800B92BB9 /* Coordinator */ = {
			isa = PBXGroup;
			children = (
			);
			path = Coordinator;
			sourceTree = "<group>";
		};
		B1AE874326B8FC1F00B92BB9 /* View */ = {
			isa = PBXGroup;
			children = (
			);
			path = View;
			sourceTree = "<group>";
		};
		B1AE874426B8FC2500B92BB9 /* ViewModel */ = {
			isa = PBXGroup;
			children = (
			);
			path = ViewModel;
			sourceTree = "<group>";
		};
		B1AE874826B8FD7300B92BB9 /* CarouselInformation */ = {
			isa = PBXGroup;
			children = (
				B1AE874B26B8FD8A00B92BB9 /* Coordinator */,
				B1AE874A26B8FD8500B92BB9 /* ViewModel */,
				B1AE874926B8FD8000B92BB9 /* View */,
			);
			path = CarouselInformation;
			sourceTree = "<group>";
		};
		B1AE874926B8FD8000B92BB9 /* View */ = {
			isa = PBXGroup;
			children = (
			);
			path = View;
			sourceTree = "<group>";
		};
		B1AE874A26B8FD8500B92BB9 /* ViewModel */ = {
			isa = PBXGroup;
			children = (
			);
			path = ViewModel;
			sourceTree = "<group>";
		};
		B1AE874B26B8FD8A00B92BB9 /* Coordinator */ = {
			isa = PBXGroup;
			children = (
			);
			path = Coordinator;
			sourceTree = "<group>";
		};
/* End PBXGroup section */

/* Begin PBXNativeTarget section */
		B1AE86F126B7733D00B92BB9 /* CarouselApp */ = {
			isa = PBXNativeTarget;
			buildConfigurationList = B1AE871C26B7733E00B92BB9 /* Build configuration list for PBXNativeTarget "CarouselApp" */;
			buildPhases = (
				B1AE86EE26B7733D00B92BB9 /* Sources */,
				B1AE86EF26B7733D00B92BB9 /* Frameworks */,
				B1AE86F026B7733D00B92BB9 /* Resources */,
				B1AE872826B773BD00B92BB9 /* ShellScript */,
			);
			buildRules = (
			);
			dependencies = (
			);
			name = CarouselApp;
			productName = CarouselApp;
			productReference = B1AE86F226B7733D00B92BB9 /* CarouselApp.app */;
			productType = "com.apple.product-type.application";
		};
		B1AE870726B7733E00B92BB9 /* CarouselAppTests */ = {
			isa = PBXNativeTarget;
			buildConfigurationList = B1AE871F26B7733E00B92BB9 /* Build configuration list for PBXNativeTarget "CarouselAppTests" */;
			buildPhases = (
				B1AE870426B7733E00B92BB9 /* Sources */,
				B1AE870526B7733E00B92BB9 /* Frameworks */,
				B1AE870626B7733E00B92BB9 /* Resources */,
			);
			buildRules = (
			);
			dependencies = (
				B1AE870A26B7733E00B92BB9 /* PBXTargetDependency */,
			);
			name = CarouselAppTests;
			productName = CarouselAppTests;
			productReference = B1AE870826B7733E00B92BB9 /* CarouselAppTests.xctest */;
			productType = "com.apple.product-type.bundle.unit-test";
		};
		B1AE871226B7733E00B92BB9 /* CarouselAppUITests */ = {
			isa = PBXNativeTarget;
			buildConfigurationList = B1AE872226B7733E00B92BB9 /* Build configuration list for PBXNativeTarget "CarouselAppUITests" */;
			buildPhases = (
				B1AE870F26B7733E00B92BB9 /* Sources */,
				B1AE871026B7733E00B92BB9 /* Frameworks */,
				B1AE871126B7733E00B92BB9 /* Resources */,
			);
			buildRules = (
			);
			dependencies = (
				B1AE871526B7733E00B92BB9 /* PBXTargetDependency */,
			);
			name = CarouselAppUITests;
			productName = CarouselAppUITests;
			productReference = B1AE871326B7733E00B92BB9 /* CarouselAppUITests.xctest */;
			productType = "com.apple.product-type.bundle.ui-testing";
		};
/* End PBXNativeTarget section */

/* Begin PBXProject section */
		B1AE86EA26B7733D00B92BB9 /* Project object */ = {
			isa = PBXProject;
			attributes = {
				LastSwiftUpdateCheck = 1200;
				LastUpgradeCheck = 1200;
				TargetAttributes = {
					B1AE86F126B7733D00B92BB9 = {
						CreatedOnToolsVersion = 12.0;
					};
					B1AE870726B7733E00B92BB9 = {
						CreatedOnToolsVersion = 12.0;
						TestTargetID = B1AE86F126B7733D00B92BB9;
					};
					B1AE871226B7733E00B92BB9 = {
						CreatedOnToolsVersion = 12.0;
						TestTargetID = B1AE86F126B7733D00B92BB9;
					};
				};
			};
			buildConfigurationList = B1AE86ED26B7733D00B92BB9 /* Build configuration list for PBXProject "CarouselApp" */;
			compatibilityVersion = "Xcode 9.3";
			developmentRegion = en;
			hasScannedForEncodings = 0;
			knownRegions = (
				en,
				Base,
			);
			mainGroup = B1AE86E926B7733D00B92BB9;
			productRefGroup = B1AE86F326B7733D00B92BB9 /* Products */;
			projectDirPath = "";
			projectRoot = "";
			targets = (
				B1AE86F126B7733D00B92BB9 /* CarouselApp */,
				B1AE870726B7733E00B92BB9 /* CarouselAppTests */,
				B1AE871226B7733E00B92BB9 /* CarouselAppUITests */,
			);
		};
/* End PBXProject section */

/* Begin PBXResourcesBuildPhase section */
		B1AE86F026B7733D00B92BB9 /* Resources */ = {
			isa = PBXResourcesBuildPhase;
			buildActionMask = 2147483647;
			files = (
				B1AE870226B7733E00B92BB9 /* LaunchScreen.storyboard in Resources */,
				B1AE86FF26B7733E00B92BB9 /* Assets.xcassets in Resources */,
				B1AE86FD26B7733D00B92BB9 /* Main.storyboard in Resources */,
			);
			runOnlyForDeploymentPostprocessing = 0;
		};
		B1AE870626B7733E00B92BB9 /* Resources */ = {
			isa = PBXResourcesBuildPhase;
			buildActionMask = 2147483647;
			files = (
			);
			runOnlyForDeploymentPostprocessing = 0;
		};
		B1AE871126B7733E00B92BB9 /* Resources */ = {
			isa = PBXResourcesBuildPhase;
			buildActionMask = 2147483647;
			files = (
			);
			runOnlyForDeploymentPostprocessing = 0;
		};
/* End PBXResourcesBuildPhase section */

/* Begin PBXShellScriptBuildPhase section */
		B1AE872826B773BD00B92BB9 /* ShellScript */ = {
			isa = PBXShellScriptBuildPhase;
			buildActionMask = 2147483647;
			files = (
			);
			inputFileListPaths = (
			);
			inputPaths = (
			);
			outputFileListPaths = (
			);
			outputPaths = (
			);
			runOnlyForDeploymentPostprocessing = 0;
			shellPath = /bin/sh;
			shellScript = "if which swiftlint >/dev/null; then\n  swiftlint\nelse\n  echo \"warning: SwiftLint not installed, download from https://github.com/realm/SwiftLint\"\nfi\n";
		};
/* End PBXShellScriptBuildPhase section */

/* Begin PBXSourcesBuildPhase section */
		B1AE86EE26B7733D00B92BB9 /* Sources */ = {
			isa = PBXSourcesBuildPhase;
			buildActionMask = 2147483647;
			files = (
				B1AE86FA26B7733D00B92BB9 /* ViewController.swift in Sources */,
				B1AE86F626B7733D00B92BB9 /* AppDelegate.swift in Sources */,
			);
			runOnlyForDeploymentPostprocessing = 0;
		};
		B1AE870426B7733E00B92BB9 /* Sources */ = {
			isa = PBXSourcesBuildPhase;
			buildActionMask = 2147483647;
			files = (
				B1AE870D26B7733E00B92BB9 /* CarouselAppTests.swift in Sources */,
			);
			runOnlyForDeploymentPostprocessing = 0;
		};
		B1AE870F26B7733E00B92BB9 /* Sources */ = {
			isa = PBXSourcesBuildPhase;
			buildActionMask = 2147483647;
			files = (
				B1AE871826B7733E00B92BB9 /* CarouselAppUITests.swift in Sources */,
			);
			runOnlyForDeploymentPostprocessing = 0;
		};
/* End PBXSourcesBuildPhase section */

/* Begin PBXTargetDependency section */
		B1AE870A26B7733E00B92BB9 /* PBXTargetDependency */ = {
			isa = PBXTargetDependency;
			target = B1AE86F126B7733D00B92BB9 /* CarouselApp */;
			targetProxy = B1AE870926B7733E00B92BB9 /* PBXContainerItemProxy */;
		};
		B1AE871526B7733E00B92BB9 /* PBXTargetDependency */ = {
			isa = PBXTargetDependency;
			target = B1AE86F126B7733D00B92BB9 /* CarouselApp */;
			targetProxy = B1AE871426B7733E00B92BB9 /* PBXContainerItemProxy */;
		};
/* End PBXTargetDependency section */

/* Begin PBXVariantGroup section */
		B1AE86FB26B7733D00B92BB9 /* Main.storyboard */ = {
			isa = PBXVariantGroup;
			children = (
				B1AE86FC26B7733D00B92BB9 /* Base */,
			);
			name = Main.storyboard;
			sourceTree = "<group>";
		};
		B1AE870026B7733E00B92BB9 /* LaunchScreen.storyboard */ = {
			isa = PBXVariantGroup;
			children = (
				B1AE870126B7733E00B92BB9 /* Base */,
			);
			name = LaunchScreen.storyboard;
			sourceTree = "<group>";
		};
/* End PBXVariantGroup section */

/* Begin XCBuildConfiguration section */
		B1AE871A26B7733E00B92BB9 /* Debug */ = {
			isa = XCBuildConfiguration;
			buildSettings = {
				ALWAYS_SEARCH_USER_PATHS = NO;
				CLANG_ANALYZER_NONNULL = YES;
				CLANG_ANALYZER_NUMBER_OBJECT_CONVERSION = YES_AGGRESSIVE;
				CLANG_CXX_LANGUAGE_STANDARD = "gnu++14";
				CLANG_CXX_LIBRARY = "libc++";
				CLANG_ENABLE_MODULES = YES;
				CLANG_ENABLE_OBJC_ARC = YES;
				CLANG_ENABLE_OBJC_WEAK = YES;
				CLANG_WARN_BLOCK_CAPTURE_AUTORELEASING = YES;
				CLANG_WARN_BOOL_CONVERSION = YES;
				CLANG_WARN_COMMA = YES;
				CLANG_WARN_CONSTANT_CONVERSION = YES;
				CLANG_WARN_DEPRECATED_OBJC_IMPLEMENTATIONS = YES;
				CLANG_WARN_DIRECT_OBJC_ISA_USAGE = YES_ERROR;
				CLANG_WARN_DOCUMENTATION_COMMENTS = YES;
				CLANG_WARN_EMPTY_BODY = YES;
				CLANG_WARN_ENUM_CONVERSION = YES;
				CLANG_WARN_INFINITE_RECURSION = YES;
				CLANG_WARN_INT_CONVERSION = YES;
				CLANG_WARN_NON_LITERAL_NULL_CONVERSION = YES;
				CLANG_WARN_OBJC_IMPLICIT_RETAIN_SELF = YES;
				CLANG_WARN_OBJC_LITERAL_CONVERSION = YES;
				CLANG_WARN_OBJC_ROOT_CLASS = YES_ERROR;
				CLANG_WARN_QUOTED_INCLUDE_IN_FRAMEWORK_HEADER = YES;
				CLANG_WARN_RANGE_LOOP_ANALYSIS = YES;
				CLANG_WARN_STRICT_PROTOTYPES = YES;
				CLANG_WARN_SUSPICIOUS_MOVE = YES;
				CLANG_WARN_UNGUARDED_AVAILABILITY = YES_AGGRESSIVE;
				CLANG_WARN_UNREACHABLE_CODE = YES;
				CLANG_WARN__DUPLICATE_METHOD_MATCH = YES;
				COPY_PHASE_STRIP = NO;
				DEBUG_INFORMATION_FORMAT = dwarf;
				ENABLE_STRICT_OBJC_MSGSEND = YES;
				ENABLE_TESTABILITY = YES;
				GCC_C_LANGUAGE_STANDARD = gnu11;
				GCC_DYNAMIC_NO_PIC = NO;
				GCC_NO_COMMON_BLOCKS = YES;
				GCC_OPTIMIZATION_LEVEL = 0;
				GCC_PREPROCESSOR_DEFINITIONS = (
					"DEBUG=1",
					"$(inherited)",
				);
				GCC_WARN_64_TO_32_BIT_CONVERSION = YES;
				GCC_WARN_ABOUT_RETURN_TYPE = YES_ERROR;
				GCC_WARN_UNDECLARED_SELECTOR = YES;
				GCC_WARN_UNINITIALIZED_AUTOS = YES_AGGRESSIVE;
				GCC_WARN_UNUSED_FUNCTION = YES;
				GCC_WARN_UNUSED_VARIABLE = YES;
				IPHONEOS_DEPLOYMENT_TARGET = 14.0;
				MTL_ENABLE_DEBUG_INFO = INCLUDE_SOURCE;
				MTL_FAST_MATH = YES;
				ONLY_ACTIVE_ARCH = YES;
				SDKROOT = iphoneos;
				SWIFT_ACTIVE_COMPILATION_CONDITIONS = DEBUG;
				SWIFT_OPTIMIZATION_LEVEL = "-Onone";
			};
			name = Debug;
		};
		B1AE871B26B7733E00B92BB9 /* Release */ = {
			isa = XCBuildConfiguration;
			buildSettings = {
				ALWAYS_SEARCH_USER_PATHS = NO;
				CLANG_ANALYZER_NONNULL = YES;
				CLANG_ANALYZER_NUMBER_OBJECT_CONVERSION = YES_AGGRESSIVE;
				CLANG_CXX_LANGUAGE_STANDARD = "gnu++14";
				CLANG_CXX_LIBRARY = "libc++";
				CLANG_ENABLE_MODULES = YES;
				CLANG_ENABLE_OBJC_ARC = YES;
				CLANG_ENABLE_OBJC_WEAK = YES;
				CLANG_WARN_BLOCK_CAPTURE_AUTORELEASING = YES;
				CLANG_WARN_BOOL_CONVERSION = YES;
				CLANG_WARN_COMMA = YES;
				CLANG_WARN_CONSTANT_CONVERSION = YES;
				CLANG_WARN_DEPRECATED_OBJC_IMPLEMENTATIONS = YES;
				CLANG_WARN_DIRECT_OBJC_ISA_USAGE = YES_ERROR;
				CLANG_WARN_DOCUMENTATION_COMMENTS = YES;
				CLANG_WARN_EMPTY_BODY = YES;
				CLANG_WARN_ENUM_CONVERSION = YES;
				CLANG_WARN_INFINITE_RECURSION = YES;
				CLANG_WARN_INT_CONVERSION = YES;
				CLANG_WARN_NON_LITERAL_NULL_CONVERSION = YES;
				CLANG_WARN_OBJC_IMPLICIT_RETAIN_SELF = YES;
				CLANG_WARN_OBJC_LITERAL_CONVERSION = YES;
				CLANG_WARN_OBJC_ROOT_CLASS = YES_ERROR;
				CLANG_WARN_QUOTED_INCLUDE_IN_FRAMEWORK_HEADER = YES;
				CLANG_WARN_RANGE_LOOP_ANALYSIS = YES;
				CLANG_WARN_STRICT_PROTOTYPES = YES;
				CLANG_WARN_SUSPICIOUS_MOVE = YES;
				CLANG_WARN_UNGUARDED_AVAILABILITY = YES_AGGRESSIVE;
				CLANG_WARN_UNREACHABLE_CODE = YES;
				CLANG_WARN__DUPLICATE_METHOD_MATCH = YES;
				COPY_PHASE_STRIP = NO;
				DEBUG_INFORMATION_FORMAT = "dwarf-with-dsym";
				ENABLE_NS_ASSERTIONS = NO;
				ENABLE_STRICT_OBJC_MSGSEND = YES;
				GCC_C_LANGUAGE_STANDARD = gnu11;
				GCC_NO_COMMON_BLOCKS = YES;
				GCC_WARN_64_TO_32_BIT_CONVERSION = YES;
				GCC_WARN_ABOUT_RETURN_TYPE = YES_ERROR;
				GCC_WARN_UNDECLARED_SELECTOR = YES;
				GCC_WARN_UNINITIALIZED_AUTOS = YES_AGGRESSIVE;
				GCC_WARN_UNUSED_FUNCTION = YES;
				GCC_WARN_UNUSED_VARIABLE = YES;
				IPHONEOS_DEPLOYMENT_TARGET = 14.0;
				MTL_ENABLE_DEBUG_INFO = NO;
				MTL_FAST_MATH = YES;
				SDKROOT = iphoneos;
				SWIFT_COMPILATION_MODE = wholemodule;
				SWIFT_OPTIMIZATION_LEVEL = "-O";
				VALIDATE_PRODUCT = YES;
			};
			name = Release;
		};
		B1AE871D26B7733E00B92BB9 /* Debug */ = {
			isa = XCBuildConfiguration;
			buildSettings = {
				ASSETCATALOG_COMPILER_APPICON_NAME = AppIcon;
				ASSETCATALOG_COMPILER_GLOBAL_ACCENT_COLOR_NAME = AccentColor;
				CODE_SIGN_STYLE = Automatic;
				DEVELOPMENT_TEAM = N9E796HZ3C;
				INFOPLIST_FILE = CarouselApp/Info.plist;
				LD_RUNPATH_SEARCH_PATHS = (
					"$(inherited)",
					"@executable_path/Frameworks",
				);
				PRODUCT_BUNDLE_IDENTIFIER = juanflorezpersonal.CarouselApp;
				PRODUCT_NAME = "$(TARGET_NAME)";
				SWIFT_VERSION = 5.0;
				TARGETED_DEVICE_FAMILY = "1,2";
			};
			name = Debug;
		};
		B1AE871E26B7733E00B92BB9 /* Release */ = {
			isa = XCBuildConfiguration;
			buildSettings = {
				ASSETCATALOG_COMPILER_APPICON_NAME = AppIcon;
				ASSETCATALOG_COMPILER_GLOBAL_ACCENT_COLOR_NAME = AccentColor;
				CODE_SIGN_STYLE = Automatic;
				DEVELOPMENT_TEAM = N9E796HZ3C;
				INFOPLIST_FILE = CarouselApp/Info.plist;
				LD_RUNPATH_SEARCH_PATHS = (
					"$(inherited)",
					"@executable_path/Frameworks",
				);
				PRODUCT_BUNDLE_IDENTIFIER = juanflorezpersonal.CarouselApp;
				PRODUCT_NAME = "$(TARGET_NAME)";
				SWIFT_VERSION = 5.0;
				TARGETED_DEVICE_FAMILY = "1,2";
			};
			name = Release;
		};
		B1AE872026B7733E00B92BB9 /* Debug */ = {
			isa = XCBuildConfiguration;
			buildSettings = {
				ALWAYS_EMBED_SWIFT_STANDARD_LIBRARIES = YES;
				BUNDLE_LOADER = "$(TEST_HOST)";
				CODE_SIGN_STYLE = Automatic;
				DEVELOPMENT_TEAM = N9E796HZ3C;
				INFOPLIST_FILE = CarouselAppTests/Info.plist;
				IPHONEOS_DEPLOYMENT_TARGET = 14.0;
				LD_RUNPATH_SEARCH_PATHS = (
					"$(inherited)",
					"@executable_path/Frameworks",
					"@loader_path/Frameworks",
				);
				PRODUCT_BUNDLE_IDENTIFIER = juanflorezpersonal.CarouselAppTests;
				PRODUCT_NAME = "$(TARGET_NAME)";
				SWIFT_VERSION = 5.0;
				TARGETED_DEVICE_FAMILY = "1,2";
				TEST_HOST = "$(BUILT_PRODUCTS_DIR)/CarouselApp.app/CarouselApp";
			};
			name = Debug;
		};
		B1AE872126B7733E00B92BB9 /* Release */ = {
			isa = XCBuildConfiguration;
			buildSettings = {
				ALWAYS_EMBED_SWIFT_STANDARD_LIBRARIES = YES;
				BUNDLE_LOADER = "$(TEST_HOST)";
				CODE_SIGN_STYLE = Automatic;
				DEVELOPMENT_TEAM = N9E796HZ3C;
				INFOPLIST_FILE = CarouselAppTests/Info.plist;
				IPHONEOS_DEPLOYMENT_TARGET = 14.0;
				LD_RUNPATH_SEARCH_PATHS = (
					"$(inherited)",
					"@executable_path/Frameworks",
					"@loader_path/Frameworks",
				);
				PRODUCT_BUNDLE_IDENTIFIER = juanflorezpersonal.CarouselAppTests;
				PRODUCT_NAME = "$(TARGET_NAME)";
				SWIFT_VERSION = 5.0;
				TARGETED_DEVICE_FAMILY = "1,2";
				TEST_HOST = "$(BUILT_PRODUCTS_DIR)/CarouselApp.app/CarouselApp";
			};
			name = Release;
		};
		B1AE872326B7733E00B92BB9 /* Debug */ = {
			isa = XCBuildConfiguration;
			buildSettings = {
				ALWAYS_EMBED_SWIFT_STANDARD_LIBRARIES = YES;
				CODE_SIGN_STYLE = Automatic;
				DEVELOPMENT_TEAM = N9E796HZ3C;
				INFOPLIST_FILE = CarouselAppUITests/Info.plist;
				LD_RUNPATH_SEARCH_PATHS = (
					"$(inherited)",
					"@executable_path/Frameworks",
					"@loader_path/Frameworks",
				);
				PRODUCT_BUNDLE_IDENTIFIER = juanflorezpersonal.CarouselAppUITests;
				PRODUCT_NAME = "$(TARGET_NAME)";
				SWIFT_VERSION = 5.0;
				TARGETED_DEVICE_FAMILY = "1,2";
				TEST_TARGET_NAME = CarouselApp;
			};
			name = Debug;
		};
		B1AE872426B7733E00B92BB9 /* Release */ = {
			isa = XCBuildConfiguration;
			buildSettings = {
				ALWAYS_EMBED_SWIFT_STANDARD_LIBRARIES = YES;
				CODE_SIGN_STYLE = Automatic;
				DEVELOPMENT_TEAM = N9E796HZ3C;
				INFOPLIST_FILE = CarouselAppUITests/Info.plist;
				LD_RUNPATH_SEARCH_PATHS = (
					"$(inherited)",
					"@executable_path/Frameworks",
					"@loader_path/Frameworks",
				);
				PRODUCT_BUNDLE_IDENTIFIER = juanflorezpersonal.CarouselAppUITests;
				PRODUCT_NAME = "$(TARGET_NAME)";
				SWIFT_VERSION = 5.0;
				TARGETED_DEVICE_FAMILY = "1,2";
				TEST_TARGET_NAME = CarouselApp;
			};
			name = Release;
		};
/* End XCBuildConfiguration section */

/* Begin XCConfigurationList section */
		B1AE86ED26B7733D00B92BB9 /* Build configuration list for PBXProject "CarouselApp" */ = {
			isa = XCConfigurationList;
			buildConfigurations = (
				B1AE871A26B7733E00B92BB9 /* Debug */,
				B1AE871B26B7733E00B92BB9 /* Release */,
			);
			defaultConfigurationIsVisible = 0;
			defaultConfigurationName = Release;
		};
		B1AE871C26B7733E00B92BB9 /* Build configuration list for PBXNativeTarget "CarouselApp" */ = {
			isa = XCConfigurationList;
			buildConfigurations = (
				B1AE871D26B7733E00B92BB9 /* Debug */,
				B1AE871E26B7733E00B92BB9 /* Release */,
			);
			defaultConfigurationIsVisible = 0;
			defaultConfigurationName = Release;
		};
		B1AE871F26B7733E00B92BB9 /* Build configuration list for PBXNativeTarget "CarouselAppTests" */ = {
			isa = XCConfigurationList;
			buildConfigurations = (
				B1AE872026B7733E00B92BB9 /* Debug */,
				B1AE872126B7733E00B92BB9 /* Release */,
			);
			defaultConfigurationIsVisible = 0;
			defaultConfigurationName = Release;
		};
		B1AE872226B7733E00B92BB9 /* Build configuration list for PBXNativeTarget "CarouselAppUITests" */ = {
			isa = XCConfigurationList;
			buildConfigurations = (
				B1AE872326B7733E00B92BB9 /* Debug */,
				B1AE872426B7733E00B92BB9 /* Release */,
			);
			defaultConfigurationIsVisible = 0;
			defaultConfigurationName = Release;
		};
/* End XCConfigurationList section */
	};
	rootObject = B1AE86EA26B7733D00B92BB9 /* Project object */;
}
